Microsoft Visual Studio Solution File, Format Version 12.00
# Visual Studio Version 17
VisualStudioVersion = 17.5.2.0
MinimumVisualStudioVersion = 10.0.40219.1
Project("{FAE04EC0-301F-11D3-BF4B-00C04F79EFBC}") = "SkirClient", "SkirClient.csproj", "{249BF887-A2D7-1D5B-A376-35ABFF1B9F3E}"
EndProject
Project("{FAE04EC0-301F-11D3-BF4B-00C04F79EFBC}") = "SkirClientTest", "SkirClientTest\SkirClientTest.csproj", "{C61CFC0C-1250-7085-7A5C-B18CEA43BD6E}"
EndProject
Global
	GlobalSection(SolutionConfigurationPlatforms) = preSolution
		Debug|Any CPU = Debug|Any CPU
		Release|Any CPU = Release|Any CPU
	EndGlobalSection
	GlobalSection(ProjectConfigurationPlatforms) = postSolution
		{249BF887-A2D7-1D5B-A376-35ABFF1B9F3E}.Debug|Any CPU.ActiveCfg = Debug|Any CPU
		{249BF887-A2D7-1D5B-A376-35ABFF1B9F3E}.Debug|Any CPU.Build.0 = Debug|Any CPU
		{249BF887-A2D7-1D5B-A376-35ABFF1B9F3E}.Release|Any CPU.ActiveCfg = Release|Any CPU
		{249BF887-A2D7-1D5B-A376-35ABFF1B9F3E}.Release|Any CPU.Build.0 = Release|Any CPU
		{C61CFC0C-1250-7085-7A5C-B18CEA43BD6E}.Debug|Any CPU.ActiveCfg = Debug|Any CPU
		{C61CFC0C-1250-7085-7A5C-B18CEA43BD6E}.Debug|Any CPU.Build.0 = Debug|Any CPU
		{C61CFC0C-1250-7085-7A5C-B18CEA43BD6E}.Release|Any CPU.ActiveCfg = Release|Any CPU
		{C61CFC0C-1250-7085-7A5C-B18CEA43BD6E}.Release|Any CPU.Build.0 = Release|Any CPU
	EndGlobalSection
	GlobalSection(SolutionProperties) = preSolution
		HideSolutionNode = FALSE
	EndGlobalSection
	GlobalSection(ExtensibilityGlobals) = postSolution
		SolutionGuid = {24D9884E-4A1E-4844-A96C-AD3C46B4F2D0}
	EndGlobalSection
EndGlobal
